
Microsoft Visual Studio Solution File, Format Version 12.00
# Visual Studio Version 16
VisualStudioVersion = 16.0.30114.105
MinimumVisualStudioVersion = 10.0.40219.1
Project("{FAE04EC0-301F-11D3-BF4B-00C04F79EFBC}") = "GerGarageOS2019414", "GerGarageOS2019414\GerGarageOS2019414.csproj", "{83533C6F-BC9B-4905-91A5-FBBF27996035}"
EndProject
Global
	GlobalSection(SolutionConfigurationPlatforms) = preSolution
		Debug|Any CPU = Debug|Any CPU
		Release|Any CPU = Release|Any CPU
	EndGlobalSection
	GlobalSection(ProjectConfigurationPlatforms) = postSolution
		{83533C6F-BC9B-4905-91A5-FBBF27996035}.Debug|Any CPU.ActiveCfg = Debug|Any CPU
		{83533C6F-BC9B-4905-91A5-FBBF27996035}.Debug|Any CPU.Build.0 = Debug|Any CPU
		{83533C6F-BC9B-4905-91A5-FBBF27996035}.Release|Any CPU.ActiveCfg = Release|Any CPU
		{83533C6F-BC9B-4905-91A5-FBBF27996035}.Release|Any CPU.Build.0 = Release|Any CPU
	EndGlobalSection
	GlobalSection(SolutionProperties) = preSolution
		HideSolutionNode = FALSE
	EndGlobalSection
	GlobalSection(ExtensibilityGlobals) = postSolution
		SolutionGuid = {DE714639-BA3F-48E1-A9D6-07E2B0DFFAFA}
	EndGlobalSection
EndGlobal
